
Microsoft Visual Studio Solution File, Format Version 12.00
# Visual Studio Version 17
VisualStudioVersion = 17.5.33424.131
MinimumVisualStudioVersion = 10.0.40219.1
Project("{FAE04EC0-301F-11D3-BF4B-00C04F79EFBC}") = "Compactor", "Compactor.csproj", "{9E551BA2-0FF3-41DD-808A-DA29BC8506B2}"
EndProject
Global
	GlobalSection(SolutionConfigurationPlatforms) = preSolution
		Debug|Any CPU = Debug|Any CPU
		Release|Any CPU = Release|Any CPU
	EndGlobalSection
	GlobalSection(ProjectConfigurationPlatforms) = postSolution
		{9E551BA2-0FF3-41DD-808A-DA29BC8506B2}.Debug|Any CPU.ActiveCfg = Debug|Any CPU
		{9E551BA2-0FF3-41DD-808A-DA29BC8506B2}.Debug|Any CPU.Build.0 = Debug|Any CPU
		{9E551BA2-0FF3-41DD-808A-DA29BC8506B2}.Release|Any CPU.ActiveCfg = Release|Any CPU
		{9E551BA2-0FF3-41DD-808A-DA29BC8506B2}.Release|Any CPU.Build.0 = Release|Any CPU
	EndGlobalSection
	GlobalSection(SolutionProperties) = preSolution
		HideSolutionNode = FALSE
	EndGlobalSection
	GlobalSection(ExtensibilityGlobals) = postSolution
		SolutionGuid = {8DF6222B-5D96-4BED-AE9F-1781E33B2711}
	EndGlobalSection
EndGlobal
